
Microsoft Visual Studio Solution File, Format Version 12.00
# Visual Studio 2013
VisualStudioVersion = 12.0.31101.0
MinimumVisualStudioVersion = 10.0.40219.1
Project("{FAE04EC0-301F-11D3-BF4B-00C04F79EFBC}") = "ExtJsSytemDemo", "ExtJsSytemDemo\ExtJsSytemDemo.csproj", "{228A4EAD-3910-4925-BC68-4D19F35B8FA9}"
EndProject
Project("{2150E333-8FDC-42A3-9474-1A3956D46DE8}") = "Metadata", "Metadata", "{C11345EC-75DB-4310-8A0A-450B8A823CDB}"
EndProject
Project("{FAE04EC0-301F-11D3-BF4B-00C04F79EFBC}") = "Metadata.View", "Metadata.View\Metadata.View.csproj", "{14615C20-ABCD-40E8-A6DF-13491FD9E779}"
EndProject
Project("{FAE04EC0-301F-11D3-BF4B-00C04F79EFBC}") = "Metadata.Controller", "Metadata.Controller\Metadata.Controller.csproj", "{9C73127E-6677-4B5E-9B17-EF3B3A7F969F}"
EndProject
Project("{FAE04EC0-301F-11D3-BF4B-00C04F79EFBC}") = "Metadata.Rule", "Metadata.Rule\Metadata.Rule.csproj", "{266D3357-EDDD-453F-AE82-ADE3DE06D4C4}"
EndProject
Project("{FAE04EC0-301F-11D3-BF4B-00C04F79EFBC}") = "Metadata.DataAccess", "Metadata.DataAccess\Metadata.DataAccess.csproj", "{526794C0-F684-4FCD-8D55-F09916DA1B99}"
EndProject
Project("{FAE04EC0-301F-11D3-BF4B-00C04F79EFBC}") = "NG3.Metadata.Core", "NG3.Metadata.Core\NG3.Metadata.Core.csproj", "{112A34CB-63C9-47BD-B3C6-EE54A179F826}"
EndProject
Project("{FAE04EC0-301F-11D3-BF4B-00C04F79EFBC}") = "NG3.Metadata.ReverseEngine", "NG3.Metadata.ReverseEngine\NG3.Metadata.ReverseEngine.csproj", "{C4CE885B-C788-478B-B2E0-2CDAD422B43A}"
EndProject
Project("{2150E333-8FDC-42A3-9474-1A3956D46DE8}") = "TableGenerator", "TableGenerator", "{31320BFA-5882-48B2-99FD-A74853DA0310}"
EndProject
Project("{FAE04EC0-301F-11D3-BF4B-00C04F79EFBC}") = "TableExportTest", "TableGenerator\TableExportTest\TableExportTest.csproj", "{330F8984-091F-4840-9E47-B8BD228C0FF6}"
EndProject
Project("{FAE04EC0-301F-11D3-BF4B-00C04F79EFBC}") = "TableGenerator", "TableGenerator\TableGenerator\TableGenerator.csproj", "{85D7A840-DC76-4C68-9503-B5497108713A}"
EndProject
Project("{FAE04EC0-301F-11D3-BF4B-00C04F79EFBC}") = "Metadata.Facade", "Metadata.Facade\Metadata.Facade.csproj", "{E834227C-7E75-48C8-93BE-9FD7F6E63411}"
EndProject
Project("{2150E333-8FDC-42A3-9474-1A3956D46DE8}") = "CodeGenerator", "CodeGenerator", "{863E0AE1-214E-47BE-A349-6C53796190FE}"
EndProject
Project("{FAE04EC0-301F-11D3-BF4B-00C04F79EFBC}") = "NG3.T4", "NG3.T4\NG3.T4.csproj", "{E7F992EF-58E7-410C-97BD-B91CA3010FEE}"
EndProject
Project("{FAE04EC0-301F-11D3-BF4B-00C04F79EFBC}") = "TestApp", "TestApp\TestApp.csproj", "{E60F5CA6-8CDC-42CA-88C1-C56B002B028B}"
EndProject
Project("{2150E333-8FDC-42A3-9474-1A3956D46DE8}") = "PowerBuilder", "PowerBuilder", "{43B453DB-F3C0-4FB2-B24B-217DE8712BEF}"
EndProject
Project("{FAE04EC0-301F-11D3-BF4B-00C04F79EFBC}") = "NG3.Metadata", "PowerBuilder\NG3.Metadata\NG3.Metadata.csproj", "{09B59914-7E10-4AAD-8B61-375E819182E0}"
EndProject
Project("{FAE04EC0-301F-11D3-BF4B-00C04F79EFBC}") = "NG3.Metadata.PBDesignerParse", "PowerBuilder\NG3.Metadata.PBDesignerParse\NG3.Metadata.PBDesignerParse.csproj", "{497DFC12-EB02-45B0-8D8E-2A5F0B84BE58}"
EndProject
Global
	GlobalSection(SolutionConfigurationPlatforms) = preSolution
		Debug|Any CPU = Debug|Any CPU
		Release|Any CPU = Release|Any CPU
	EndGlobalSection
	GlobalSection(ProjectConfigurationPlatforms) = postSolution
		{228A4EAD-3910-4925-BC68-4D19F35B8FA9}.Debug|Any CPU.ActiveCfg = Debug|Any CPU
		{228A4EAD-3910-4925-BC68-4D19F35B8FA9}.Debug|Any CPU.Build.0 = Debug|Any CPU
		{228A4EAD-3910-4925-BC68-4D19F35B8FA9}.Release|Any CPU.ActiveCfg = Release|Any CPU
		{228A4EAD-3910-4925-BC68-4D19F35B8FA9}.Release|Any CPU.Build.0 = Release|Any CPU
		{14615C20-ABCD-40E8-A6DF-13491FD9E779}.Debug|Any CPU.ActiveCfg = Debug|Any CPU
		{14615C20-ABCD-40E8-A6DF-13491FD9E779}.Debug|Any CPU.Build.0 = Debug|Any CPU
		{14615C20-ABCD-40E8-A6DF-13491FD9E779}.Release|Any CPU.ActiveCfg = Release|Any CPU
		{14615C20-ABCD-40E8-A6DF-13491FD9E779}.Release|Any CPU.Build.0 = Release|Any CPU
		{9C73127E-6677-4B5E-9B17-EF3B3A7F969F}.Debug|Any CPU.ActiveCfg = Debug|Any CPU
		{9C73127E-6677-4B5E-9B17-EF3B3A7F969F}.Debug|Any CPU.Build.0 = Debug|Any CPU
		{9C73127E-6677-4B5E-9B17-EF3B3A7F969F}.Release|Any CPU.ActiveCfg = Release|Any CPU
		{9C73127E-6677-4B5E-9B17-EF3B3A7F969F}.Release|Any CPU.Build.0 = Release|Any CPU
		{266D3357-EDDD-453F-AE82-ADE3DE06D4C4}.Debug|Any CPU.ActiveCfg = Debug|Any CPU
		{266D3357-EDDD-453F-AE82-ADE3DE06D4C4}.Debug|Any CPU.Build.0 = Debug|Any CPU
		{266D3357-EDDD-453F-AE82-ADE3DE06D4C4}.Release|Any CPU.ActiveCfg = Release|Any CPU
		{266D3357-EDDD-453F-AE82-ADE3DE06D4C4}.Release|Any CPU.Build.0 = Release|Any CPU
		{526794C0-F684-4FCD-8D55-F09916DA1B99}.Debug|Any CPU.ActiveCfg = Debug|Any CPU
		{526794C0-F684-4FCD-8D55-F09916DA1B99}.Debug|Any CPU.Build.0 = Debug|Any CPU
		{526794C0-F684-4FCD-8D55-F09916DA1B99}.Release|Any CPU.ActiveCfg = Release|Any CPU
		{526794C0-F684-4FCD-8D55-F09916DA1B99}.Release|Any CPU.Build.0 = Release|Any CPU
		{112A34CB-63C9-47BD-B3C6-EE54A179F826}.Debug|Any CPU.ActiveCfg = Debug|Any CPU
		{112A34CB-63C9-47BD-B3C6-EE54A179F826}.Debug|Any CPU.Build.0 = Debug|Any CPU
		{112A34CB-63C9-47BD-B3C6-EE54A179F826}.Release|Any CPU.ActiveCfg = Release|Any CPU
		{112A34CB-63C9-47BD-B3C6-EE54A179F826}.Release|Any CPU.Build.0 = Release|Any CPU
		{C4CE885B-C788-478B-B2E0-2CDAD422B43A}.Debug|Any CPU.ActiveCfg = Debug|Any CPU
		{C4CE885B-C788-478B-B2E0-2CDAD422B43A}.Debug|Any CPU.Build.0 = Debug|Any CPU
		{C4CE885B-C788-478B-B2E0-2CDAD422B43A}.Release|Any CPU.ActiveCfg = Release|Any CPU
		{C4CE885B-C788-478B-B2E0-2CDAD422B43A}.Release|Any CPU.Build.0 = Release|Any CPU
		{330F8984-091F-4840-9E47-B8BD228C0FF6}.Debug|Any CPU.ActiveCfg = Debug|Any CPU
		{330F8984-091F-4840-9E47-B8BD228C0FF6}.Debug|Any CPU.Build.0 = Debug|Any CPU
		{330F8984-091F-4840-9E47-B8BD228C0FF6}.Release|Any CPU.ActiveCfg = Release|Any CPU
		{330F8984-091F-4840-9E47-B8BD228C0FF6}.Release|Any CPU.Build.0 = Release|Any CPU
		{85D7A840-DC76-4C68-9503-B5497108713A}.Debug|Any CPU.ActiveCfg = Debug|Any CPU
		{85D7A840-DC76-4C68-9503-B5497108713A}.Debug|Any CPU.Build.0 = Debug|Any CPU
		{85D7A840-DC76-4C68-9503-B5497108713A}.Release|Any CPU.ActiveCfg = Release|Any CPU
		{85D7A840-DC76-4C68-9503-B5497108713A}.Release|Any CPU.Build.0 = Release|Any CPU
		{E834227C-7E75-48C8-93BE-9FD7F6E63411}.Debug|Any CPU.ActiveCfg = Debug|Any CPU
		{E834227C-7E75-48C8-93BE-9FD7F6E63411}.Debug|Any CPU.Build.0 = Debug|Any CPU
		{E834227C-7E75-48C8-93BE-9FD7F6E63411}.Release|Any CPU.ActiveCfg = Release|Any CPU
		{E834227C-7E75-48C8-93BE-9FD7F6E63411}.Release|Any CPU.Build.0 = Release|Any CPU
		{E7F992EF-58E7-410C-97BD-B91CA3010FEE}.Debug|Any CPU.ActiveCfg = Debug|Any CPU
		{E7F992EF-58E7-410C-97BD-B91CA3010FEE}.Debug|Any CPU.Build.0 = Debug|Any CPU
		{E7F992EF-58E7-410C-97BD-B91CA3010FEE}.Release|Any CPU.ActiveCfg = Release|Any CPU
		{E7F992EF-58E7-410C-97BD-B91CA3010FEE}.Release|Any CPU.Build.0 = Release|Any CPU
		{E60F5CA6-8CDC-42CA-88C1-C56B002B028B}.Debug|Any CPU.ActiveCfg = Debug|Any CPU
		{E60F5CA6-8CDC-42CA-88C1-C56B002B028B}.Debug|Any CPU.Build.0 = Debug|Any CPU
		{E60F5CA6-8CDC-42CA-88C1-C56B002B028B}.Release|Any CPU.ActiveCfg = Release|Any CPU
		{E60F5CA6-8CDC-42CA-88C1-C56B002B028B}.Release|Any CPU.Build.0 = Release|Any CPU
		{09B59914-7E10-4AAD-8B61-375E819182E0}.Debug|Any CPU.ActiveCfg = Debug|Any CPU
		{09B59914-7E10-4AAD-8B61-375E819182E0}.Debug|Any CPU.Build.0 = Debug|Any CPU
		{09B59914-7E10-4AAD-8B61-375E819182E0}.Release|Any CPU.ActiveCfg = Release|Any CPU
		{09B59914-7E10-4AAD-8B61-375E819182E0}.Release|Any CPU.Build.0 = Release|Any CPU
		{497DFC12-EB02-45B0-8D8E-2A5F0B84BE58}.Debug|Any CPU.ActiveCfg = Debug|Any CPU
		{497DFC12-EB02-45B0-8D8E-2A5F0B84BE58}.Debug|Any CPU.Build.0 = Debug|Any CPU
		{497DFC12-EB02-45B0-8D8E-2A5F0B84BE58}.Release|Any CPU.ActiveCfg = Release|Any CPU
		{497DFC12-EB02-45B0-8D8E-2A5F0B84BE58}.Release|Any CPU.Build.0 = Release|Any CPU
	EndGlobalSection
	GlobalSection(SolutionProperties) = preSolution
		HideSolutionNode = FALSE
	EndGlobalSection
	GlobalSection(NestedProjects) = preSolution
		{14615C20-ABCD-40E8-A6DF-13491FD9E779} = {C11345EC-75DB-4310-8A0A-450B8A823CDB}
		{9C73127E-6677-4B5E-9B17-EF3B3A7F969F} = {C11345EC-75DB-4310-8A0A-450B8A823CDB}
		{266D3357-EDDD-453F-AE82-ADE3DE06D4C4} = {C11345EC-75DB-4310-8A0A-450B8A823CDB}
		{526794C0-F684-4FCD-8D55-F09916DA1B99} = {C11345EC-75DB-4310-8A0A-450B8A823CDB}
		{112A34CB-63C9-47BD-B3C6-EE54A179F826} = {C11345EC-75DB-4310-8A0A-450B8A823CDB}
		{C4CE885B-C788-478B-B2E0-2CDAD422B43A} = {C11345EC-75DB-4310-8A0A-450B8A823CDB}
		{330F8984-091F-4840-9E47-B8BD228C0FF6} = {31320BFA-5882-48B2-99FD-A74853DA0310}
		{85D7A840-DC76-4C68-9503-B5497108713A} = {31320BFA-5882-48B2-99FD-A74853DA0310}
		{E834227C-7E75-48C8-93BE-9FD7F6E63411} = {C11345EC-75DB-4310-8A0A-450B8A823CDB}
		{E7F992EF-58E7-410C-97BD-B91CA3010FEE} = {863E0AE1-214E-47BE-A349-6C53796190FE}
		{E60F5CA6-8CDC-42CA-88C1-C56B002B028B} = {863E0AE1-214E-47BE-A349-6C53796190FE}
		{09B59914-7E10-4AAD-8B61-375E819182E0} = {43B453DB-F3C0-4FB2-B24B-217DE8712BEF}
		{497DFC12-EB02-45B0-8D8E-2A5F0B84BE58} = {43B453DB-F3C0-4FB2-B24B-217DE8712BEF}
	EndGlobalSection
EndGlobal
